// !$*UTF8*$!
{
	archiveVersion = 1;
	classes = {
	};
	objectVersion = 46;
	objects = {

/* Begin PBXBuildFile section */
		BDD22C081F46EAD800F32700 /* main.m in Sources */ = {isa = PBXBuildFile; fileRef = BDD22C071F46EAD800F32700 /* main.m */; };
		BDD22C0B1F46EAD800F32700 /* AppDelegate.m in Sources */ = {isa = PBXBuildFile; fileRef = BDD22C0A1F46EAD800F32700 /* AppDelegate.m */; };
		BDD22C0E1F46EAD800F32700 /* ViewController.m in Sources */ = {isa = PBXBuildFile; fileRef = BDD22C0D1F46EAD800F32700 /* ViewController.m */; };
		BDD22C111F46EAD800F32700 /* Main.storyboard in Resources */ = {isa = PBXBuildFile; fileRef = BDD22C0F1F46EAD800F32700 /* Main.storyboard */; };
		BDD22C131F46EAD800F32700 /* Assets.xcassets in Resources */ = {isa = PBXBuildFile; fileRef = BDD22C121F46EAD800F32700 /* Assets.xcassets */; };
		BDD22C161F46EAD800F32700 /* LaunchScreen.storyboard in Resources */ = {isa = PBXBuildFile; fileRef = BDD22C141F46EAD800F32700 /* LaunchScreen.storyboard */; };
		BDD22C1F1F46EAFB00F32700 /* Person.m in Sources */ = {isa = PBXBuildFile; fileRef = BDD22C1E1F46EAFB00F32700 /* Person.m */; };
		BDD22C221F46EB8E00F32700 /* Son.m in Sources */ = {isa = PBXBuildFile; fileRef = BDD22C211F46EB8E00F32700 /* Son.m */; };
		BDD36FAC1F47C53A00856972 /* Person+Extenson2.m in Sources */ = {isa = PBXBuildFile; fileRef = BDD36FAB1F47C53A00856972 /* Person+Extenson2.m */; };
		BDD36FAF1F47F50300856972 /* Person+Extension1.m in Sources */ = {isa = PBXBuildFile; fileRef = BDD36FAE1F47F50300856972 /* Person+Extension1.m */; };
/* End PBXBuildFile section */

/* Begin PBXFileReference section */
		BDD22C031F46EAD800F32700 /* load&initialize.app */ = {isa = PBXFileReference; explicitFileType = wrapper.application; includeInIndex = 0; path = "load&initialize.app"; sourceTree = BUILT_PRODUCTS_DIR; };
		BDD22C071F46EAD800F32700 /* main.m */ = {isa = PBXFileReference; lastKnownFileType = sourcecode.c.objc; path = main.m; sourceTree = "<group>"; };
		BDD22C091F46EAD800F32700 /* AppDelegate.h */ = {isa = PBXFileReference; lastKnownFileType = sourcecode.c.h; path = AppDelegate.h; sourceTree = "<group>"; };
		BDD22C0A1F46EAD800F32700 /* AppDelegate.m */ = {isa = PBXFileReference; lastKnownFileType = sourcecode.c.objc; path = AppDelegate.m; sourceTree = "<group>"; };
		BDD22C0C1F46EAD800F32700 /* ViewController.h */ = {isa = PBXFileReference; lastKnownFileType = sourcecode.c.h; path = ViewController.h; sourceTree = "<group>"; };
		BDD22C0D1F46EAD800F32700 /* ViewController.m */ = {isa = PBXFileReference; lastKnownFileType = sourcecode.c.objc; path = ViewController.m; sourceTree = "<group>"; };
		BDD22C101F46EAD800F32700 /* Base */ = {isa = PBXFileReference; lastKnownFileType = file.storyboard; name = Base; path = Base.lproj/Main.storyboard; sourceTree = "<group>"; };
		BDD22C121F46EAD800F32700 /* Assets.xcassets */ = {isa = PBXFileReference; lastKnownFileType = folder.assetcatalog; path = Assets.xcassets; sourceTree = "<group>"; };
		BDD22C151F46EAD800F32700 /* Base */ = {isa = PBXFileReference; lastKnownFileType = file.storyboard; name = Base; path = Base.lproj/LaunchScreen.storyboard; sourceTree = "<group>"; };
		BDD22C171F46EAD800F32700 /* Info.plist */ = {isa = PBXFileReference; lastKnownFileType = text.plist.xml; path = Info.plist; sourceTree = "<group>"; };
		BDD22C1D1F46EAFB00F32700 /* Person.h */ = {isa = PBXFileReference; fileEncoding = 4; lastKnownFileType = sourcecode.c.h; path = Person.h; sourceTree = "<group>"; };
		BDD22C1E1F46EAFB00F32700 /* Person.m */ = {isa = PBXFileReference; fileEncoding = 4; lastKnownFileType = sourcecode.c.objc; path = Person.m; sourceTree = "<group>"; };
		BDD22C201F46EB8E00F32700 /* Son.h */ = {isa = PBXFileReference; fileEncoding = 4; lastKnownFileType = sourcecode.c.h; path = Son.h; sourceTree = "<group>"; };
		BDD22C211F46EB8E00F32700 /* Son.m */ = {isa = PBXFileReference; fileEncoding = 4; lastKnownFileType = sourcecode.c.objc; path = Son.m; sourceTree = "<group>"; };
		BDD36FAA1F47C53A00856972 /* Person+Extenson2.h */ = {isa = PBXFileReference; fileEncoding = 4; lastKnownFileType = sourcecode.c.h; path = "Person+Extenson2.h"; sourceTree = "<group>"; };
		BDD36FAB1F47C53A00856972 /* Person+Extenson2.m */ = {isa = PBXFileReference; fileEncoding = 4; lastKnownFileType = sourcecode.c.objc; path = "Person+Extenson2.m"; sourceTree = "<group>"; };
		BDD36FAD1F47F50300856972 /* Person+Extension1.h */ = {isa = PBXFileReference; fileEncoding = 4; lastKnownFileType = sourcecode.c.h; path = "Person+Extension1.h"; sourceTree = "<group>"; };
		BDD36FAE1F47F50300856972 /* Person+Extension1.m */ = {isa = PBXFileReference; fileEncoding = 4; lastKnownFileType = sourcecode.c.objc; path = "Person+Extension1.m"; sourceTree = "<group>"; };
/* End PBXFileReference section */

/* Begin PBXFrameworksBuildPhase section */
		BDD22C001F46EAD800F32700 /* Frameworks */ = {
			isa = PBXFrameworksBuildPhase;
			buildActionMask = 2147483647;
			files = (
			);
			runOnlyForDeploymentPostprocessing = 0;
		};
/* End PBXFrameworksBuildPhase section */

/* Begin PBXGroup section */
		BDD22BFA1F46EAD800F32700 = {
			isa = PBXGroup;
			children = (
				BDD22C051F46EAD800F32700 /* load&initialize */,
				BDD22C041F46EAD800F32700 /* Products */,
			);
			sourceTree = "<group>";
		};
		BDD22C041F46EAD800F32700 /* Products */ = {
			isa = PBXGroup;
			children = (
				BDD22C031F46EAD800F32700 /* load&initialize.app */,
			);
			name = Products;
			sourceTree = "<group>";
		};
		BDD22C051F46EAD800F32700 /* load&initialize */ = {
			isa = PBXGroup;
			children = (
				BDD22C091F46EAD800F32700 /* AppDelegate.h */,
				BDD22C0A1F46EAD800F32700 /* AppDelegate.m */,
				BDD22C0C1F46EAD800F32700 /* ViewController.h */,
				BDD22C0D1F46EAD800F32700 /* ViewController.m */,
				BDD22C0F1F46EAD800F32700 /* Main.storyboard */,
				BDD22C121F46EAD800F32700 /* Assets.xcassets */,
				BDD22C141F46EAD800F32700 /* LaunchScreen.storyboard */,
				BDD22C171F46EAD800F32700 /* Info.plist */,
				BDD22C061F46EAD800F32700 /* Supporting Files */,
				BDD22C1D1F46EAFB00F32700 /* Person.h */,
				BDD22C1E1F46EAFB00F32700 /* Person.m */,
				BDD22C201F46EB8E00F32700 /* Son.h */,
				BDD22C211F46EB8E00F32700 /* Son.m */,
				BDD36FAA1F47C53A00856972 /* Person+Extenson2.h */,
				BDD36FAB1F47C53A00856972 /* Person+Extenson2.m */,
			);
			path = "load&initialize";
			sourceTree = "<group>";
		};
		BDD22C061F46EAD800F32700 /* Supporting Files */ = {
			isa = PBXGroup;
			children = (
				BDD36FAD1F47F50300856972 /* Person+Extension1.h */,
				BDD36FAE1F47F50300856972 /* Person+Extension1.m */,
				BDD22C071F46EAD800F32700 /* main.m */,
			);
			name = "Supporting Files";
			sourceTree = "<group>";
		};
/* End PBXGroup section */

/* Begin PBXNativeTarget section */
		BDD22C021F46EAD800F32700 /* load&initialize */ = {
			isa = PBXNativeTarget;
			buildConfigurationList = BDD22C1A1F46EAD800F32700 /* Build configuration list for PBXNativeTarget "load&initialize" */;
			buildPhases = (
				BDD22BFF1F46EAD800F32700 /* Sources */,
				BDD22C001F46EAD800F32700 /* Frameworks */,
				BDD22C011F46EAD800F32700 /* Resources */,
			);
			buildRules = (
			);
			dependencies = (
			);
			name = "load&initialize";
			productName = "load&initialize";
			productReference = BDD22C031F46EAD800F32700 /* load&initialize.app */;
			productType = "com.apple.product-type.application";
		};
/* End PBXNativeTarget section */

/* Begin PBXProject section */
		BDD22BFB1F46EAD800F32700 /* Project object */ = {
			isa = PBXProject;
			attributes = {
				LastUpgradeCheck = 0830;
				ORGANIZATIONNAME = Athena;
				TargetAttributes = {
					BDD22C021F46EAD800F32700 = {
						CreatedOnToolsVersion = 8.3.2;
						ProvisioningStyle = Automatic;
					};
				};
			};
			buildConfigurationList = BDD22BFE1F46EAD800F32700 /* Build configuration list for PBXProject "load&initialize" */;
			compatibilityVersion = "Xcode 3.2";
			developmentRegion = English;
			hasScannedForEncodings = 0;
			knownRegions = (
				en,
				Base,
			);
			mainGroup = BDD22BFA1F46EAD800F32700;
			productRefGroup = BDD22C041F46EAD800F32700 /* Products */;
			projectDirPath = "";
			projectRoot = "";
			targets = (
				BDD22C021F46EAD800F32700 /* load&initialize */,
			);
		};
/* End PBXProject section */

/* Begin PBXResourcesBuildPhase section */
		BDD22C011F46EAD800F32700 /* Resources */ = {
			isa = PBXResourcesBuildPhase;
			buildActionMask = 2147483647;
			files = (
				BDD22C161F46EAD800F32700 /* LaunchScreen.storyboard in Resources */,
				BDD22C131F46EAD800F32700 /* Assets.xcassets in Resources */,
				BDD22C111F46EAD800F32700 /* Main.storyboard in Resources */,
			);
			runOnlyForDeploymentPostprocessing = 0;
		};
/* End PBXResourcesBuildPhase section */

/* Begin PBXSourcesBuildPhase section */
		BDD22BFF1F46EAD800F32700 /* Sources */ = {
			isa = PBXSourcesBuildPhase;
			buildActionMask = 2147483647;
			files = (
				BDD36FAF1F47F50300856972 /* Person+Extension1.m in Sources */,
				BDD22C221F46EB8E00F32700 /* Son.m in Sources */,
				BDD22C1F1F46EAFB00F32700 /* Person.m in Sources */,
				BDD36FAC1F47C53A00856972 /* Person+Extenson2.m in Sources */,
				BDD22C081F46EAD800F32700 /* main.m in Sources */,
				BDD22C0E1F46EAD800F32700 /* ViewController.m in Sources */,
				BDD22C0B1F46EAD800F32700 /* AppDelegate.m in Sources */,
			);
			runOnlyForDeploymentPostprocessing = 0;
		};
/* End PBXSourcesBuildPhase section */

/* Begin PBXVariantGroup section */
		BDD22C0F1F46EAD800F32700 /* Main.storyboard */ = {
			isa = PBXVariantGroup;
			children = (
				BDD22C101F46EAD800F32700 /* Base */,
			);
			name = Main.storyboard;
			sourceTree = "<group>";
		};
		BDD22C141F46EAD800F32700 /* LaunchScreen.storyboard */ = {
			isa = PBXVariantGroup;
			children = (
				BDD22C151F46EAD800F32700 /* Base */,
			);
			name = LaunchScreen.storyboard;
			sourceTree = "<group>";
		};
/* End PBXVariantGroup section */

/* Begin XCBuildConfiguration section */
		BDD22C181F46EAD800F32700 /* Debug */ = {
			isa = XCBuildConfiguration;
			buildSettings = {
				ALWAYS_SEARCH_USER_PATHS = NO;
				CLANG_ANALYZER_NONNULL = YES;
				CLANG_ANALYZER_NUMBER_OBJECT_CONVERSION = YES_AGGRESSIVE;
				CLANG_CXX_LANGUAGE_STANDARD = "gnu++0x";
				CLANG_CXX_LIBRARY = "libc++";
				CLANG_ENABLE_MODULES = YES;
				CLANG_ENABLE_OBJC_ARC = YES;
				CLANG_WARN_BOOL_CONVERSION = YES;
				CLANG_WARN_CONSTANT_CONVERSION = YES;
				CLANG_WARN_DIRECT_OBJC_ISA_USAGE = YES_ERROR;
				CLANG_WARN_DOCUMENTATION_COMMENTS = YES;
				CLANG_WARN_EMPTY_BODY = YES;
				CLANG_WARN_ENUM_CONVERSION = YES;
				CLANG_WARN_INFINITE_RECURSION = YES;
				CLANG_WARN_INT_CONVERSION = YES;
				CLANG_WARN_OBJC_ROOT_CLASS = YES_ERROR;
				CLANG_WARN_SUSPICIOUS_MOVE = YES;
				CLANG_WARN_UNREACHABLE_CODE = YES;
				CLANG_WARN__DUPLICATE_METHOD_MATCH = YES;
				"CODE_SIGN_IDENTITY[sdk=iphoneos*]" = "iPhone Developer";
				COPY_PHASE_STRIP = NO;
				DEBUG_INFORMATION_FORMAT = dwarf;
				ENABLE_STRICT_OBJC_MSGSEND = YES;
				ENABLE_TESTABILITY = YES;
				GCC_C_LANGUAGE_STANDARD = gnu99;
				GCC_DYNAMIC_NO_PIC = NO;
				GCC_NO_COMMON_BLOCKS = YES;
				GCC_OPTIMIZATION_LEVEL = 0;
				GCC_PREPROCESSOR_DEFINITIONS = (
					"DEBUG=1",
					"$(inherited)",
				);
				GCC_WARN_64_TO_32_BIT_CONVERSION = YES;
				GCC_WARN_ABOUT_RETURN_TYPE = YES_ERROR;
				GCC_WARN_UNDECLARED_SELECTOR = YES;
				GCC_WARN_UNINITIALIZED_AUTOS = YES_AGGRESSIVE;
				GCC_WARN_UNUSED_FUNCTION = YES;
				GCC_WARN_UNUSED_VARIABLE = YES;
				IPHONEOS_DEPLOYMENT_TARGET = 10.3;
				MTL_ENABLE_DEBUG_INFO = YES;
				ONLY_ACTIVE_ARCH = YES;
				SDKROOT = iphoneos;
			};
			name = Debug;
		};
		BDD22C191F46EAD800F32700 /* Release */ = {
			isa = XCBuildConfiguration;
			buildSettings = {
				ALWAYS_SEARCH_USER_PATHS = NO;
				CLANG_ANALYZER_NONNULL = YES;
				CLANG_ANALYZER_NUMBER_OBJECT_CONVERSION = YES_AGGRESSIVE;
				CLANG_CXX_LANGUAGE_STANDARD = "gnu++0x";
				CLANG_CXX_LIBRARY = "libc++";
				CLANG_ENABLE_MODULES = YES;
				CLANG_ENABLE_OBJC_ARC = YES;
				CLANG_WARN_BOOL_CONVERSION = YES;
				CLANG_WARN_CONSTANT_CONVERSION = YES;
				CLANG_WARN_DIRECT_OBJC_ISA_USAGE = YES_ERROR;
				CLANG_WARN_DOCUMENTATION_COMMENTS = YES;
				CLANG_WARN_EMPTY_BODY = YES;
				CLANG_WARN_ENUM_CONVERSION = YES;
				CLANG_WARN_INFINITE_RECURSION = YES;
				CLANG_WARN_INT_CONVERSION = YES;
				CLANG_WARN_OBJC_ROOT_CLASS = YES_ERROR;
				CLANG_WARN_SUSPICIOUS_MOVE = YES;
				CLANG_WARN_UNREACHABLE_CODE = YES;
				CLANG_WARN__DUPLICATE_METHOD_MATCH = YES;
				"CODE_SIGN_IDENTITY[sdk=iphoneos*]" = "iPhone Developer";
				COPY_PHASE_STRIP = NO;
				DEBUG_INFORMATION_FORMAT = "dwarf-with-dsym";
				ENABLE_NS_ASSERTIONS = NO;
				ENABLE_STRICT_OBJC_MSGSEND = YES;
				GCC_C_LANGUAGE_STANDARD = gnu99;
				GCC_NO_COMMON_BLOCKS = YES;
				GCC_WARN_64_TO_32_BIT_CONVERSION = YES;
				GCC_WARN_ABOUT_RETURN_TYPE = YES_ERROR;
				GCC_WARN_UNDECLARED_SELECTOR = YES;
				GCC_WARN_UNINITIALIZED_AUTOS = YES_AGGRESSIVE;
				GCC_WARN_UNUSED_FUNCTION = YES;
				GCC_WARN_UNUSED_VARIABLE = YES;
				IPHONEOS_DEPLOYMENT_TARGET = 10.3;
				MTL_ENABLE_DEBUG_INFO = NO;
				SDKROOT = iphoneos;
				VALIDATE_PRODUCT = YES;
			};
			name = Release;
		};
		BDD22C1B1F46EAD800F32700 /* Debug */ = {
			isa = XCBuildConfiguration;
			buildSettings = {
				ASSETCATALOG_COMPILER_APPICON_NAME = AppIcon;
				INFOPLIST_FILE = "load&initialize/Info.plist";
				LD_RUNPATH_SEARCH_PATHS = "$(inherited) @executable_path/Frameworks";
				PRODUCT_BUNDLE_IDENTIFIER = "com.Athena.load-initialize";
				PRODUCT_NAME = "$(TARGET_NAME)";
			};
			name = Debug;
		};
		BDD22C1C1F46EAD800F32700 /* Release */ = {
			isa = XCBuildConfiguration;
			buildSettings = {
				ASSETCATALOG_COMPILER_APPICON_NAME = AppIcon;
				INFOPLIST_FILE = "load&initialize/Info.plist";
				LD_RUNPATH_SEARCH_PATHS = "$(inherited) @executable_path/Frameworks";
				PRODUCT_BUNDLE_IDENTIFIER = "com.Athena.load-initialize";
				PRODUCT_NAME = "$(TARGET_NAME)";
			};
			name = Release;
		};
/* End XCBuildConfiguration section */

/* Begin XCConfigurationList section */
		BDD22BFE1F46EAD800F32700 /* Build configuration list for PBXProject "load&initialize" */ = {
			isa = XCConfigurationList;
			buildConfigurations = (
				BDD22C181F46EAD800F32700 /* Debug */,
				BDD22C191F46EAD800F32700 /* Release */,
			);
			defaultConfigurationIsVisible = 0;
			defaultConfigurationName = Release;
		};
		BDD22C1A1F46EAD800F32700 /* Build configuration list for PBXNativeTarget "load&initialize" */ = {
			isa = XCConfigurationList;
			buildConfigurations = (
				BDD22C1B1F46EAD800F32700 /* Debug */,
				BDD22C1C1F46EAD800F32700 /* Release */,
			);
			defaultConfigurationIsVisible = 0;
			defaultConfigurationName = Release;
		};
/* End XCConfigurationList section */
	};
	rootObject = BDD22BFB1F46EAD800F32700 /* Project object */;
}
